// !$*UTF8*$!
{
	archiveVersion = 1;
	classes = {
	};
	objectVersion = 56;
	objects = {

/* Begin PBXBuildFile section */
		D78E368E2D46D8F30044C890 /* pixel_wordleApp.swift in Sources */ = {isa = PBXBuildFile; fileRef = D78E368D2D46D8F30044C890 /* pixel_wordleApp.swift */; };
		D78E36902D46D8F30044C890 /* ContentView.swift in Sources */ = {isa = PBXBuildFile; fileRef = D78E368F2D46D8F30044C890 /* ContentView.swift */; };
		D78E36922D46D8F50044C890 /* Assets.xcassets in Resources */ = {isa = PBXBuildFile; fileRef = D78E36912D46D8F50044C890 /* Assets.xcassets */; };
		D78E36952D46D8F50044C890 /* Preview Assets.xcassets in Resources */ = {isa = PBXBuildFile; fileRef = D78E36942D46D8F50044C890 /* Preview Assets.xcassets */; };
		D78E36E02D470E0E0044C890 /* WordleModel.swift in Sources */ = {isa = PBXBuildFile; fileRef = D78E36D12D470E0E0044C890 /* WordleModel.swift */; };
		D78E36E12D470E0E0044C890 /* Preview Assets.xcassets in Resources */ = {isa = PBXBuildFile; fileRef = D78E36D32D470E0E0044C890 /* Preview Assets.xcassets */; };
		D78E36E22D470E0E0044C890 /* WordAPI.swift in Sources */ = {isa = PBXBuildFile; fileRef = D78E36D52D470E0E0044C890 /* WordAPI.swift */; };
		D78E36E32D470E0E0044C890 /* ThemeManager.swift in Sources */ = {isa = PBXBuildFile; fileRef = D78E36D72D470E0E0044C890 /* ThemeManager.swift */; };
		D78E36E42D470E0E0044C890 /* KeyboardView.swift in Sources */ = {isa = PBXBuildFile; fileRef = D78E36D92D470E0E0044C890 /* KeyboardView.swift */; };
		D78E36E52D470E0E0044C890 /* LetterCell.swift in Sources */ = {isa = PBXBuildFile; fileRef = D78E36DA2D470E0E0044C890 /* LetterCell.swift */; };
		D78E36E62D470E0E0044C890 /* Assets.xcassets in Resources */ = {isa = PBXBuildFile; fileRef = D78E36DC2D470E0E0044C890 /* Assets.xcassets */; };
		D78E36E72D470E0E0044C890 /* ContentView.swift in Sources */ = {isa = PBXBuildFile; fileRef = D78E36DD2D470E0E0044C890 /* ContentView.swift */; };
		D78E36E82D470E0E0044C890 /* pixel_wordleApp.swift in Sources */ = {isa = PBXBuildFile; fileRef = D78E36DE2D470E0E0044C890 /* pixel_wordleApp.swift */; };
		D78E36EA2D4711200044C890 /* PokemonViewModel.swift in Sources */ = {isa = PBXBuildFile; fileRef = D78E36E92D4711200044C890 /* PokemonViewModel.swift */; };
		D78E36EC2D4711520044C890 /* PokemonAPI.swift in Sources */ = {isa = PBXBuildFile; fileRef = D78E36EB2D4711520044C890 /* PokemonAPI.swift */; };
		D78E36F02D4718BA0044C890 /* ScanlineView.swift in Sources */ = {isa = PBXBuildFile; fileRef = D78E36EF2D4718BA0044C890 /* ScanlineView.swift */; };
/* End PBXBuildFile section */

/* Begin PBXFileReference section */
		D78E368A2D46D8F30044C890 /* pixel-wordle.app */ = {isa = PBXFileReference; explicitFileType = wrapper.application; includeInIndex = 0; path = "pixel-wordle.app"; sourceTree = BUILT_PRODUCTS_DIR; };
		D78E368D2D46D8F30044C890 /* pixel_wordleApp.swift */ = {isa = PBXFileReference; lastKnownFileType = sourcecode.swift; path = pixel_wordleApp.swift; sourceTree = "<group>"; };
		D78E368F2D46D8F30044C890 /* ContentView.swift */ = {isa = PBXFileReference; lastKnownFileType = sourcecode.swift; path = ContentView.swift; sourceTree = "<group>"; };
		D78E36912D46D8F50044C890 /* Assets.xcassets */ = {isa = PBXFileReference; lastKnownFileType = folder.assetcatalog; path = Assets.xcassets; sourceTree = "<group>"; };
		D78E36942D46D8F50044C890 /* Preview Assets.xcassets */ = {isa = PBXFileReference; lastKnownFileType = folder.assetcatalog; path = "Preview Assets.xcassets"; sourceTree = "<group>"; };
		D78E36D12D470E0E0044C890 /* WordleModel.swift */ = {isa = PBXFileReference; fileEncoding = 4; lastKnownFileType = sourcecode.swift; path = WordleModel.swift; sourceTree = "<group>"; };
		D78E36D32D470E0E0044C890 /* Preview Assets.xcassets */ = {isa = PBXFileReference; lastKnownFileType = folder.assetcatalog; path = "Preview Assets.xcassets"; sourceTree = "<group>"; };
		D78E36D52D470E0E0044C890 /* WordAPI.swift */ = {isa = PBXFileReference; fileEncoding = 4; lastKnownFileType = sourcecode.swift; path = WordAPI.swift; sourceTree = "<group>"; };
		D78E36D72D470E0E0044C890 /* ThemeManager.swift */ = {isa = PBXFileReference; fileEncoding = 4; lastKnownFileType = sourcecode.swift; path = ThemeManager.swift; sourceTree = "<group>"; };
		D78E36D92D470E0E0044C890 /* KeyboardView.swift */ = {isa = PBXFileReference; fileEncoding = 4; lastKnownFileType = sourcecode.swift; path = KeyboardView.swift; sourceTree = "<group>"; };
		D78E36DA2D470E0E0044C890 /* LetterCell.swift */ = {isa = PBXFileReference; fileEncoding = 4; lastKnownFileType = sourcecode.swift; path = LetterCell.swift; sourceTree = "<group>"; };
		D78E36DC2D470E0E0044C890 /* Assets.xcassets */ = {isa = PBXFileReference; lastKnownFileType = folder.assetcatalog; path = Assets.xcassets; sourceTree = "<group>"; };
		D78E36DD2D470E0E0044C890 /* ContentView.swift */ = {isa = PBXFileReference; fileEncoding = 4; lastKnownFileType = sourcecode.swift; path = ContentView.swift; sourceTree = "<group>"; };
		D78E36DE2D470E0E0044C890 /* pixel_wordleApp.swift */ = {isa = PBXFileReference; fileEncoding = 4; lastKnownFileType = sourcecode.swift; path = pixel_wordleApp.swift; sourceTree = "<group>"; };
		D78E36E92D4711200044C890 /* PokemonViewModel.swift */ = {isa = PBXFileReference; fileEncoding = 4; lastKnownFileType = sourcecode.swift; path = PokemonViewModel.swift; sourceTree = "<group>"; };
		D78E36EB2D4711520044C890 /* PokemonAPI.swift */ = {isa = PBXFileReference; fileEncoding = 4; lastKnownFileType = sourcecode.swift; path = PokemonAPI.swift; sourceTree = "<group>"; };
		D78E36EF2D4718BA0044C890 /* ScanlineView.swift */ = {isa = PBXFileReference; fileEncoding = 4; lastKnownFileType = sourcecode.swift; path = ScanlineView.swift; sourceTree = "<group>"; };
/* End PBXFileReference section */

/* Begin PBXFrameworksBuildPhase section */
		D78E36872D46D8F30044C890 /* Frameworks */ = {
			isa = PBXFrameworksBuildPhase;
			buildActionMask = 2147483647;
			files = (
			);
			runOnlyForDeploymentPostprocessing = 0;
		};
/* End PBXFrameworksBuildPhase section */

/* Begin PBXGroup section */
		D78E36812D46D8F30044C890 = {
			isa = PBXGroup;
			children = (
				D78E368C2D46D8F30044C890 /* pixel-wordle */,
				D78E368B2D46D8F30044C890 /* Products */,
			);
			sourceTree = "<group>";
		};
		D78E368B2D46D8F30044C890 /* Products */ = {
			isa = PBXGroup;
			children = (
				D78E368A2D46D8F30044C890 /* pixel-wordle.app */,
			);
			name = Products;
			sourceTree = "<group>";
		};
		D78E368C2D46D8F30044C890 /* pixel-wordle */ = {
			isa = PBXGroup;
			children = (
				D78E36DF2D470E0E0044C890 /* pixel-wordle */,
				D78E368D2D46D8F30044C890 /* pixel_wordleApp.swift */,
				D78E368F2D46D8F30044C890 /* ContentView.swift */,
				D78E36912D46D8F50044C890 /* Assets.xcassets */,
				D78E36932D46D8F50044C890 /* Preview Content */,
			);
			path = "pixel-wordle";
			sourceTree = "<group>";
		};
		D78E36932D46D8F50044C890 /* Preview Content */ = {
			isa = PBXGroup;
			children = (
				D78E36942D46D8F50044C890 /* Preview Assets.xcassets */,
			);
			path = "Preview Content";
			sourceTree = "<group>";
		};
		D78E36D22D470E0E0044C890 /* Models */ = {
			isa = PBXGroup;
			children = (
				D78E36E92D4711200044C890 /* PokemonViewModel.swift */,
				D78E36D12D470E0E0044C890 /* WordleModel.swift */,
			);
			path = Models;
			sourceTree = "<group>";
		};
		D78E36D42D470E0E0044C890 /* Preview Content */ = {
			isa = PBXGroup;
			children = (
				D78E36D32D470E0E0044C890 /* Preview Assets.xcassets */,
			);
			path = "Preview Content";
			sourceTree = "<group>";
		};
		D78E36D62D470E0E0044C890 /* Services */ = {
			isa = PBXGroup;
			children = (
				D78E36EB2D4711520044C890 /* PokemonAPI.swift */,
				D78E36D52D470E0E0044C890 /* WordAPI.swift */,
			);
			path = Services;
			sourceTree = "<group>";
		};
		D78E36D82D470E0E0044C890 /* Theme */ = {
			isa = PBXGroup;
			children = (
				D78E36D72D470E0E0044C890 /* ThemeManager.swift */,
			);
			path = Theme;
			sourceTree = "<group>";
		};
		D78E36DB2D470E0E0044C890 /* Views */ = {
			isa = PBXGroup;
			children = (
				D78E36EF2D4718BA0044C890 /* ScanlineView.swift */,
				D78E36D92D470E0E0044C890 /* KeyboardView.swift */,
				D78E36DA2D470E0E0044C890 /* LetterCell.swift */,
			);
			path = Views;
			sourceTree = "<group>";
		};
		D78E36DF2D470E0E0044C890 /* pixel-wordle */ = {
			isa = PBXGroup;
			children = (
				D78E36D22D470E0E0044C890 /* Models */,
				D78E36D42D470E0E0044C890 /* Preview Content */,
				D78E36D62D470E0E0044C890 /* Services */,
				D78E36D82D470E0E0044C890 /* Theme */,
				D78E36DB2D470E0E0044C890 /* Views */,
				D78E36DC2D470E0E0044C890 /* Assets.xcassets */,
				D78E36DD2D470E0E0044C890 /* ContentView.swift */,
				D78E36DE2D470E0E0044C890 /* pixel_wordleApp.swift */,
			);
			name = "pixel-wordle";
			sourceTree = "<group>";
		};
/* End PBXGroup section */

/* Begin PBXNativeTarget section */
		D78E36892D46D8F30044C890 /* pixel-wordle */ = {
			isa = PBXNativeTarget;
			buildConfigurationList = D78E36982D46D8F50044C890 /* Build configuration list for PBXNativeTarget "pixel-wordle" */;
			buildPhases = (
				D78E36862D46D8F30044C890 /* Sources */,
				D78E36872D46D8F30044C890 /* Frameworks */,
				D78E36882D46D8F30044C890 /* Resources */,
			);
			buildRules = (
			);
			dependencies = (
			);
			name = "pixel-wordle";
			productName = "pixel-wordle";
			productReference = D78E368A2D46D8F30044C890 /* pixel-wordle.app */;
			productType = "com.apple.product-type.application";
		};
/* End PBXNativeTarget section */

/* Begin PBXProject section */
		D78E36822D46D8F30044C890 /* Project object */ = {
			isa = PBXProject;
			attributes = {
				BuildIndependentTargetsInParallel = 1;
				LastSwiftUpdateCheck = 1540;
				LastUpgradeCheck = 1540;
				TargetAttributes = {
					D78E36892D46D8F30044C890 = {
						CreatedOnToolsVersion = 15.4;
					};
				};
			};
			buildConfigurationList = D78E36852D46D8F30044C890 /* Build configuration list for PBXProject "pixel-wordle" */;
			compatibilityVersion = "Xcode 14.0";
			developmentRegion = en;
			hasScannedForEncodings = 0;
			knownRegions = (
				en,
				Base,
			);
			mainGroup = D78E36812D46D8F30044C890;
			productRefGroup = D78E368B2D46D8F30044C890 /* Products */;
			projectDirPath = "";
			projectRoot = "";
			targets = (
				D78E36892D46D8F30044C890 /* pixel-wordle */,
			);
		};
/* End PBXProject section */

/* Begin PBXResourcesBuildPhase section */
		D78E36882D46D8F30044C890 /* Resources */ = {
			isa = PBXResourcesBuildPhase;
			buildActionMask = 2147483647;
			files = (
				D78E36952D46D8F50044C890 /* Preview Assets.xcassets in Resources */,
				D78E36E12D470E0E0044C890 /* Preview Assets.xcassets in Resources */,
				D78E36E62D470E0E0044C890 /* Assets.xcassets in Resources */,
				D78E36922D46D8F50044C890 /* Assets.xcassets in Resources */,
			);
			runOnlyForDeploymentPostprocessing = 0;
		};
/* End PBXResourcesBuildPhase section */

/* Begin PBXSourcesBuildPhase section */
		D78E36862D46D8F30044C890 /* Sources */ = {
			isa = PBXSourcesBuildPhase;
			buildActionMask = 2147483647;
			files = (
				D78E36E82D470E0E0044C890 /* pixel_wordleApp.swift in Sources */,
				D78E36E52D470E0E0044C890 /* LetterCell.swift in Sources */,
				D78E36EC2D4711520044C890 /* PokemonAPI.swift in Sources */,
				D78E36F02D4718BA0044C890 /* ScanlineView.swift in Sources */,
				D78E36902D46D8F30044C890 /* ContentView.swift in Sources */,
				D78E36E72D470E0E0044C890 /* ContentView.swift in Sources */,
				D78E368E2D46D8F30044C890 /* pixel_wordleApp.swift in Sources */,
				D78E36E32D470E0E0044C890 /* ThemeManager.swift in Sources */,
				D78E36EA2D4711200044C890 /* PokemonViewModel.swift in Sources */,
				D78E36E42D470E0E0044C890 /* KeyboardView.swift in Sources */,
				D78E36E22D470E0E0044C890 /* WordAPI.swift in Sources */,
				D78E36E02D470E0E0044C890 /* WordleModel.swift in Sources */,
			);
			runOnlyForDeploymentPostprocessing = 0;
		};
/* End PBXSourcesBuildPhase section */

/* Begin XCBuildConfiguration section */
		D78E36962D46D8F50044C890 /* Debug */ = {
			isa = XCBuildConfiguration;
			buildSettings = {
				ALWAYS_SEARCH_USER_PATHS = NO;
				ASSETCATALOG_COMPILER_GENERATE_SWIFT_ASSET_SYMBOL_EXTENSIONS = YES;
				CLANG_ANALYZER_NONNULL = YES;
				CLANG_ANALYZER_NUMBER_OBJECT_CONVERSION = YES_AGGRESSIVE;
				CLANG_CXX_LANGUAGE_STANDARD = "gnu++20";
				CLANG_ENABLE_MODULES = YES;
				CLANG_ENABLE_OBJC_ARC = YES;
				CLANG_ENABLE_OBJC_WEAK = YES;
				CLANG_WARN_BLOCK_CAPTURE_AUTORELEASING = YES;
				CLANG_WARN_BOOL_CONVERSION = YES;
				CLANG_WARN_COMMA = YES;
				CLANG_WARN_CONSTANT_CONVERSION = YES;
				CLANG_WARN_DEPRECATED_OBJC_IMPLEMENTATIONS = YES;
				CLANG_WARN_DIRECT_OBJC_ISA_USAGE = YES_ERROR;
				CLANG_WARN_DOCUMENTATION_COMMENTS = YES;
				CLANG_WARN_EMPTY_BODY = YES;
				CLANG_WARN_ENUM_CONVERSION = YES;
				CLANG_WARN_INFINITE_RECURSION = YES;
				CLANG_WARN_INT_CONVERSION = YES;
				CLANG_WARN_NON_LITERAL_NULL_CONVERSION = YES;
				CLANG_WARN_OBJC_IMPLICIT_RETAIN_SELF = YES;
				CLANG_WARN_OBJC_LITERAL_CONVERSION = YES;
				CLANG_WARN_OBJC_ROOT_CLASS = YES_ERROR;
				CLANG_WARN_QUOTED_INCLUDE_IN_FRAMEWORK_HEADER = YES;
				CLANG_WARN_RANGE_LOOP_ANALYSIS = YES;
				CLANG_WARN_STRICT_PROTOTYPES = YES;
				CLANG_WARN_SUSPICIOUS_MOVE = YES;
				CLANG_WARN_UNGUARDED_AVAILABILITY = YES_AGGRESSIVE;
				CLANG_WARN_UNREACHABLE_CODE = YES;
				CLANG_WARN__DUPLICATE_METHOD_MATCH = YES;
				COPY_PHASE_STRIP = NO;
				DEBUG_INFORMATION_FORMAT = dwarf;
				ENABLE_STRICT_OBJC_MSGSEND = YES;
				ENABLE_TESTABILITY = YES;
				ENABLE_USER_SCRIPT_SANDBOXING = YES;
				GCC_C_LANGUAGE_STANDARD = gnu17;
				GCC_DYNAMIC_NO_PIC = NO;
				GCC_NO_COMMON_BLOCKS = YES;
				GCC_OPTIMIZATION_LEVEL = 0;
				GCC_PREPROCESSOR_DEFINITIONS = (
					"DEBUG=1",
					"$(inherited)",
				);
				GCC_WARN_64_TO_32_BIT_CONVERSION = YES;
				GCC_WARN_ABOUT_RETURN_TYPE = YES_ERROR;
				GCC_WARN_UNDECLARED_SELECTOR = YES;
				GCC_WARN_UNINITIALIZED_AUTOS = YES_AGGRESSIVE;
				GCC_WARN_UNUSED_FUNCTION = YES;
				GCC_WARN_UNUSED_VARIABLE = YES;
				IPHONEOS_DEPLOYMENT_TARGET = 17.5;
				LOCALIZATION_PREFERS_STRING_CATALOGS = YES;
				MTL_ENABLE_DEBUG_INFO = INCLUDE_SOURCE;
				MTL_FAST_MATH = YES;
				ONLY_ACTIVE_ARCH = YES;
				SDKROOT = iphoneos;
				SWIFT_ACTIVE_COMPILATION_CONDITIONS = "DEBUG $(inherited)";
				SWIFT_OPTIMIZATION_LEVEL = "-Onone";
			};
			name = Debug;
		};
		D78E36972D46D8F50044C890 /* Release */ = {
			isa = XCBuildConfiguration;
			buildSettings = {
				ALWAYS_SEARCH_USER_PATHS = NO;
				ASSETCATALOG_COMPILER_GENERATE_SWIFT_ASSET_SYMBOL_EXTENSIONS = YES;
				CLANG_ANALYZER_NONNULL = YES;
				CLANG_ANALYZER_NUMBER_OBJECT_CONVERSION = YES_AGGRESSIVE;
				CLANG_CXX_LANGUAGE_STANDARD = "gnu++20";
				CLANG_ENABLE_MODULES = YES;
				CLANG_ENABLE_OBJC_ARC = YES;
				CLANG_ENABLE_OBJC_WEAK = YES;
				CLANG_WARN_BLOCK_CAPTURE_AUTORELEASING = YES;
				CLANG_WARN_BOOL_CONVERSION = YES;
				CLANG_WARN_COMMA = YES;
				CLANG_WARN_CONSTANT_CONVERSION = YES;
				CLANG_WARN_DEPRECATED_OBJC_IMPLEMENTATIONS = YES;
				CLANG_WARN_DIRECT_OBJC_ISA_USAGE = YES_ERROR;
				CLANG_WARN_DOCUMENTATION_COMMENTS = YES;
				CLANG_WARN_EMPTY_BODY = YES;
				CLANG_WARN_ENUM_CONVERSION = YES;
				CLANG_WARN_INFINITE_RECURSION = YES;
				CLANG_WARN_INT_CONVERSION = YES;
				CLANG_WARN_NON_LITERAL_NULL_CONVERSION = YES;
				CLANG_WARN_OBJC_IMPLICIT_RETAIN_SELF = YES;
				CLANG_WARN_OBJC_LITERAL_CONVERSION = YES;
				CLANG_WARN_OBJC_ROOT_CLASS = YES_ERROR;
				CLANG_WARN_QUOTED_INCLUDE_IN_FRAMEWORK_HEADER = YES;
				CLANG_WARN_RANGE_LOOP_ANALYSIS = YES;
				CLANG_WARN_STRICT_PROTOTYPES = YES;
				CLANG_WARN_SUSPICIOUS_MOVE = YES;
				CLANG_WARN_UNGUARDED_AVAILABILITY = YES_AGGRESSIVE;
				CLANG_WARN_UNREACHABLE_CODE = YES;
				CLANG_WARN__DUPLICATE_METHOD_MATCH = YES;
				COPY_PHASE_STRIP = NO;
				DEBUG_INFORMATION_FORMAT = "dwarf-with-dsym";
				ENABLE_NS_ASSERTIONS = NO;
				ENABLE_STRICT_OBJC_MSGSEND = YES;
				ENABLE_USER_SCRIPT_SANDBOXING = YES;
				GCC_C_LANGUAGE_STANDARD = gnu17;
				GCC_NO_COMMON_BLOCKS = YES;
				GCC_WARN_64_TO_32_BIT_CONVERSION = YES;
				GCC_WARN_ABOUT_RETURN_TYPE = YES_ERROR;
				GCC_WARN_UNDECLARED_SELECTOR = YES;
				GCC_WARN_UNINITIALIZED_AUTOS = YES_AGGRESSIVE;
				GCC_WARN_UNUSED_FUNCTION = YES;
				GCC_WARN_UNUSED_VARIABLE = YES;
				IPHONEOS_DEPLOYMENT_TARGET = 17.5;
				LOCALIZATION_PREFERS_STRING_CATALOGS = YES;
				MTL_ENABLE_DEBUG_INFO = NO;
				MTL_FAST_MATH = YES;
				SDKROOT = iphoneos;
				SWIFT_COMPILATION_MODE = wholemodule;
				VALIDATE_PRODUCT = YES;
			};
			name = Release;
		};
		D78E36992D46D8F50044C890 /* Debug */ = {
			isa = XCBuildConfiguration;
			buildSettings = {
				ASSETCATALOG_COMPILER_APPICON_NAME = AppIcon;
				ASSETCATALOG_COMPILER_GLOBAL_ACCENT_COLOR_NAME = AccentColor;
				CODE_SIGN_STYLE = Automatic;
				CURRENT_PROJECT_VERSION = 1;
				DEVELOPMENT_ASSET_PATHS = "\"pixel-wordle/Preview Content\"";
				DEVELOPMENT_TEAM = 252FGXX432;
				ENABLE_PREVIEWS = YES;
				GENERATE_INFOPLIST_FILE = YES;
				INFOPLIST_KEY_CFBundleDisplayName = PxWordle;
				INFOPLIST_KEY_LSApplicationCategoryType = "public.app-category.arcade-games";
				INFOPLIST_KEY_UIApplicationSceneManifest_Generation = YES;
				INFOPLIST_KEY_UIApplicationSupportsIndirectInputEvents = YES;
				INFOPLIST_KEY_UILaunchScreen_Generation = YES;
				INFOPLIST_KEY_UISupportedInterfaceOrientations_iPad = "UIInterfaceOrientationPortrait UIInterfaceOrientationPortraitUpsideDown UIInterfaceOrientationLandscapeLeft UIInterfaceOrientationLandscapeRight";
				INFOPLIST_KEY_UISupportedInterfaceOrientations_iPhone = "UIInterfaceOrientationPortrait UIInterfaceOrientationLandscapeLeft UIInterfaceOrientationLandscapeRight";
				LD_RUNPATH_SEARCH_PATHS = (
					"$(inherited)",
					"@executable_path/Frameworks",
				);
				MARKETING_VERSION = 1.0;
				PRODUCT_BUNDLE_IDENTIFIER = "nhannigel.pixel-wordle";
				PRODUCT_NAME = "$(TARGET_NAME)";
				SWIFT_EMIT_LOC_STRINGS = YES;
				SWIFT_VERSION = 5.0;
				TARGETED_DEVICE_FAMILY = "1,2";
			};
			name = Debug;
		};
		D78E369A2D46D8F50044C890 /* Release */ = {
			isa = XCBuildConfiguration;
			buildSettings = {
				ASSETCATALOG_COMPILER_APPICON_NAME = AppIcon;
				ASSETCATALOG_COMPILER_GLOBAL_ACCENT_COLOR_NAME = AccentColor;
				CODE_SIGN_STYLE = Automatic;
				CURRENT_PROJECT_VERSION = 1;
				DEVELOPMENT_ASSET_PATHS = "\"pixel-wordle/Preview Content\"";
				DEVELOPMENT_TEAM = 252FGXX432;
				ENABLE_PREVIEWS = YES;
				GENERATE_INFOPLIST_FILE = YES;
				INFOPLIST_KEY_CFBundleDisplayName = PxWordle;
				INFOPLIST_KEY_LSApplicationCategoryType = "public.app-category.arcade-games";
				INFOPLIST_KEY_UIApplicationSceneManifest_Generation = YES;
				INFOPLIST_KEY_UIApplicationSupportsIndirectInputEvents = YES;
				INFOPLIST_KEY_UILaunchScreen_Generation = YES;
				INFOPLIST_KEY_UISupportedInterfaceOrientations_iPad = "UIInterfaceOrientationPortrait UIInterfaceOrientationPortraitUpsideDown UIInterfaceOrientationLandscapeLeft UIInterfaceOrientationLandscapeRight";
				INFOPLIST_KEY_UISupportedInterfaceOrientations_iPhone = "UIInterfaceOrientationPortrait UIInterfaceOrientationLandscapeLeft UIInterfaceOrientationLandscapeRight";
				LD_RUNPATH_SEARCH_PATHS = (
					"$(inherited)",
					"@executable_path/Frameworks",
				);
				MARKETING_VERSION = 1.0;
				PRODUCT_BUNDLE_IDENTIFIER = "nhannigel.pixel-wordle";
				PRODUCT_NAME = "$(TARGET_NAME)";
				SWIFT_EMIT_LOC_STRINGS = YES;
				SWIFT_VERSION = 5.0;
				TARGETED_DEVICE_FAMILY = "1,2";
			};
			name = Release;
		};
/* End XCBuildConfiguration section */

/* Begin XCConfigurationList section */
		D78E36852D46D8F30044C890 /* Build configuration list for PBXProject "pixel-wordle" */ = {
			isa = XCConfigurationList;
			buildConfigurations = (
				D78E36962D46D8F50044C890 /* Debug */,
				D78E36972D46D8F50044C890 /* Release */,
			);
			defaultConfigurationIsVisible = 0;
			defaultConfigurationName = Release;
		};
		D78E36982D46D8F50044C890 /* Build configuration list for PBXNativeTarget "pixel-wordle" */ = {
			isa = XCConfigurationList;
			buildConfigurations = (
				D78E36992D46D8F50044C890 /* Debug */,
				D78E369A2D46D8F50044C890 /* Release */,
			);
			defaultConfigurationIsVisible = 0;
			defaultConfigurationName = Release;
		};
/* End XCConfigurationList section */
	};
	rootObject = D78E36822D46D8F30044C890 /* Project object */;
}
